// !$*UTF8*$!
{
	archiveVersion = 1;
	classes = {
	};
	objectVersion = 56;
	objects = {

/* Begin PBXBuildFile section */
		7592A75FEC1504BAB11726C8 /* Pods_TestProject.framework in Frameworks */ = {isa = PBXBuildFile; fileRef = F77F22E0294219AB2A3B3552 /* Pods_TestProject.framework */; };
		AA9BDE6829C054F4007EFB89 /* TestProjectApp.swift in Sources */ = {isa = PBXBuildFile; fileRef = AA9BDE6729C054F4007EFB89 /* TestProjectApp.swift */; };
		AA9BDE6A29C054F4007EFB89 /* ContentView.swift in Sources */ = {isa = PBXBuildFile; fileRef = AA9BDE6929C054F4007EFB89 /* ContentView.swift */; };
		AA9BDE6C29C054F5007EFB89 /* Assets.xcassets in Resources */ = {isa = PBXBuildFile; fileRef = AA9BDE6B29C054F5007EFB89 /* Assets.xcassets */; };
		AA9BDE6F29C054F5007EFB89 /* Preview Assets.xcassets in Resources */ = {isa = PBXBuildFile; fileRef = AA9BDE6E29C054F5007EFB89 /* Preview Assets.xcassets */; };
/* End PBXBuildFile section */

/* Begin PBXContainerItemProxy section */
		AADBF66F2A6A840E0075B4BB /* PBXContainerItemProxy */ = {
			isa = PBXContainerItemProxy;
			containerPortal = AADBF66B2A6A840E0075B4BB /* MyFramework.xcodeproj */;
			proxyType = 2;
			remoteGlobalIDString = AADBF6612A6A840E0075B4BB;
			remoteInfo = MyFramework;
		};
/* End PBXContainerItemProxy section */

/* Begin PBXCopyFilesBuildPhase section */
		AADBF6522A6A836B0075B4BB /* Embed Frameworks */ = {
			isa = PBXCopyFilesBuildPhase;
			buildActionMask = 2147483647;
			dstPath = "";
			dstSubfolderSpec = 10;
			files = (
			);
			name = "Embed Frameworks";
			runOnlyForDeploymentPostprocessing = 0;
		};
/* End PBXCopyFilesBuildPhase section */

/* Begin PBXFileReference section */
		0A2B01FDE431CAB77D7DCB36 /* Pods-TestProject.debug.xcconfig */ = {isa = PBXFileReference; includeInIndex = 1; lastKnownFileType = text.xcconfig; name = "Pods-TestProject.debug.xcconfig"; path = "Target Support Files/Pods-TestProject/Pods-TestProject.debug.xcconfig"; sourceTree = "<group>"; };
		AA9BDE6429C054F4007EFB89 /* TestProject.app */ = {isa = PBXFileReference; explicitFileType = wrapper.application; includeInIndex = 0; path = TestProject.app; sourceTree = BUILT_PRODUCTS_DIR; };
		AA9BDE6729C054F4007EFB89 /* TestProjectApp.swift */ = {isa = PBXFileReference; lastKnownFileType = sourcecode.swift; path = TestProjectApp.swift; sourceTree = "<group>"; };
		AA9BDE6929C054F4007EFB89 /* ContentView.swift */ = {isa = PBXFileReference; lastKnownFileType = sourcecode.swift; path = ContentView.swift; sourceTree = "<group>"; };
		AA9BDE6B29C054F5007EFB89 /* Assets.xcassets */ = {isa = PBXFileReference; lastKnownFileType = folder.assetcatalog; path = Assets.xcassets; sourceTree = "<group>"; };
		AA9BDE6E29C054F5007EFB89 /* Preview Assets.xcassets */ = {isa = PBXFileReference; lastKnownFileType = folder.assetcatalog; path = "Preview Assets.xcassets"; sourceTree = "<group>"; };
		AA9BDE7629C05893007EFB89 /* Apollo.xcframework */ = {isa = PBXFileReference; lastKnownFileType = wrapper.xcframework; name = Apollo.xcframework; path = Carthage/Build/Apollo.xcframework; sourceTree = "<group>"; };
		AA9BDE7A29C06900007EFB89 /* Apollo.xcframework */ = {isa = PBXFileReference; lastKnownFileType = wrapper.xcframework; name = Apollo.xcframework; path = "../../../Downloads/SPM-cocoapods/build/Apollo.xcframework"; sourceTree = "<group>"; };
		AADBF6412A6A83540075B4BB /* Info.plist */ = {isa = PBXFileReference; lastKnownFileType = text.plist; path = Info.plist; sourceTree = "<group>"; };
		AADBF66B2A6A840E0075B4BB /* MyFramework.xcodeproj */ = {isa = PBXFileReference; lastKnownFileType = "wrapper.pb-project"; name = MyFramework.xcodeproj; path = MyFramework/MyFramework.xcodeproj; sourceTree = "<group>"; };
		AAE245D629C07BA4000DEF28 /* libraries */ = {isa = PBXFileReference; lastKnownFileType = wrapper; path = libraries; sourceTree = "<group>"; };
		EC83892DA44D2D0610A558BF /* Pods-TestProject.release.xcconfig */ = {isa = PBXFileReference; includeInIndex = 1; lastKnownFileType = text.xcconfig; name = "Pods-TestProject.release.xcconfig"; path = "Target Support Files/Pods-TestProject/Pods-TestProject.release.xcconfig"; sourceTree = "<group>"; };
		F77F22E0294219AB2A3B3552 /* Pods_TestProject.framework */ = {isa = PBXFileReference; explicitFileType = wrapper.framework; includeInIndex = 0; path = Pods_TestProject.framework; sourceTree = BUILT_PRODUCTS_DIR; };
/* End PBXFileReference section */

/* Begin PBXFrameworksBuildPhase section */
		AA9BDE6129C054F4007EFB89 /* Frameworks */ = {
			isa = PBXFrameworksBuildPhase;
			buildActionMask = 2147483647;
			files = (
				7592A75FEC1504BAB11726C8 /* Pods_TestProject.framework in Frameworks */,
			);
			runOnlyForDeploymentPostprocessing = 0;
		};
/* End PBXFrameworksBuildPhase section */

/* Begin PBXGroup section */
		5514B74845CC37290D7CB3E5 /* Pods */ = {
			isa = PBXGroup;
			children = (
				0A2B01FDE431CAB77D7DCB36 /* Pods-TestProject.debug.xcconfig */,
				EC83892DA44D2D0610A558BF /* Pods-TestProject.release.xcconfig */,
			);
			path = Pods;
			sourceTree = "<group>";
		};
		AA9BDE5B29C054F3007EFB89 = {
			isa = PBXGroup;
			children = (
				AADBF66B2A6A840E0075B4BB /* MyFramework.xcodeproj */,
				AAE245D629C07BA4000DEF28 /* libraries */,
				AA9BDE6629C054F4007EFB89 /* TestProject */,
				AA9BDE6529C054F4007EFB89 /* Products */,
				AA9BDE7529C05893007EFB89 /* Frameworks */,
				5514B74845CC37290D7CB3E5 /* Pods */,
			);
			sourceTree = "<group>";
		};
		AA9BDE6529C054F4007EFB89 /* Products */ = {
			isa = PBXGroup;
			children = (
				AA9BDE6429C054F4007EFB89 /* TestProject.app */,
			);
			name = Products;
			sourceTree = "<group>";
		};
		AA9BDE6629C054F4007EFB89 /* TestProject */ = {
			isa = PBXGroup;
			children = (
				AADBF6412A6A83540075B4BB /* Info.plist */,
				AA9BDE6729C054F4007EFB89 /* TestProjectApp.swift */,
				AA9BDE6929C054F4007EFB89 /* ContentView.swift */,
				AA9BDE6B29C054F5007EFB89 /* Assets.xcassets */,
				AA9BDE6D29C054F5007EFB89 /* Preview Content */,
			);
			path = TestProject;
			sourceTree = "<group>";
		};
		AA9BDE6D29C054F5007EFB89 /* Preview Content */ = {
			isa = PBXGroup;
			children = (
				AA9BDE6E29C054F5007EFB89 /* Preview Assets.xcassets */,
			);
			path = "Preview Content";
			sourceTree = "<group>";
		};
		AA9BDE7529C05893007EFB89 /* Frameworks */ = {
			isa = PBXGroup;
			children = (
				AA9BDE7A29C06900007EFB89 /* Apollo.xcframework */,
				AA9BDE7629C05893007EFB89 /* Apollo.xcframework */,
				F77F22E0294219AB2A3B3552 /* Pods_TestProject.framework */,
			);
			name = Frameworks;
			sourceTree = "<group>";
		};
		AADBF66C2A6A840E0075B4BB /* Products */ = {
			isa = PBXGroup;
			children = (
				AADBF6702A6A840E0075B4BB /* MyFramework.framework */,
			);
			name = Products;
			sourceTree = "<group>";
		};
/* End PBXGroup section */

/* Begin PBXNativeTarget section */
		AA9BDE6329C054F4007EFB89 /* TestProject */ = {
			isa = PBXNativeTarget;
			buildConfigurationList = AA9BDE7229C054F5007EFB89 /* Build configuration list for PBXNativeTarget "TestProject" */;
			buildPhases = (
				30133F18569C34B0F637917F /* [CP] Check Pods Manifest.lock */,
				AA9BDE6029C054F4007EFB89 /* Sources */,
				AA9BDE6129C054F4007EFB89 /* Frameworks */,
				AA9BDE6229C054F4007EFB89 /* Resources */,
				45686A7B0EA29D90682C317C /* [CP] Embed Pods Frameworks */,
				AADBF6522A6A836B0075B4BB /* Embed Frameworks */,
			);
			buildRules = (
			);
			dependencies = (
			);
			name = TestProject;
			productName = TestProject;
			productReference = AA9BDE6429C054F4007EFB89 /* TestProject.app */;
			productType = "com.apple.product-type.application";
		};
/* End PBXNativeTarget section */

/* Begin PBXProject section */
		AA9BDE5C29C054F3007EFB89 /* Project object */ = {
			isa = PBXProject;
			attributes = {
				BuildIndependentTargetsInParallel = 1;
				LastSwiftUpdateCheck = 1420;
				LastUpgradeCheck = 1420;
				TargetAttributes = {
					AA9BDE6329C054F4007EFB89 = {
						CreatedOnToolsVersion = 14.2;
					};
				};
			};
			buildConfigurationList = AA9BDE5F29C054F3007EFB89 /* Build configuration list for PBXProject "TestProject" */;
			compatibilityVersion = "Xcode 14.0";
			developmentRegion = en;
			hasScannedForEncodings = 0;
			knownRegions = (
				en,
				Base,
			);
			mainGroup = AA9BDE5B29C054F3007EFB89;
			productRefGroup = AA9BDE6529C054F4007EFB89 /* Products */;
			projectDirPath = "";
			projectReferences = (
				{
					ProductGroup = AADBF66C2A6A840E0075B4BB /* Products */;
					ProjectRef = AADBF66B2A6A840E0075B4BB /* MyFramework.xcodeproj */;
				},
			);
			projectRoot = "";
			targets = (
				AA9BDE6329C054F4007EFB89 /* TestProject */,
			);
		};
/* End PBXProject section */

/* Begin PBXReferenceProxy section */
		AADBF6702A6A840E0075B4BB /* MyFramework.framework */ = {
			isa = PBXReferenceProxy;
			fileType = wrapper.framework;
			path = MyFramework.framework;
			remoteRef = AADBF66F2A6A840E0075B4BB /* PBXContainerItemProxy */;
			sourceTree = BUILT_PRODUCTS_DIR;
		};
/* End PBXReferenceProxy section */

/* Begin PBXResourcesBuildPhase section */
		AA9BDE6229C054F4007EFB89 /* Resources */ = {
			isa = PBXResourcesBuildPhase;
			buildActionMask = 2147483647;
			files = (
				AA9BDE6F29C054F5007EFB89 /* Preview Assets.xcassets in Resources */,
				AA9BDE6C29C054F5007EFB89 /* Assets.xcassets in Resources */,
			);
			runOnlyForDeploymentPostprocessing = 0;
		};
/* End PBXResourcesBuildPhase section */

/* Begin PBXShellScriptBuildPhase section */
		30133F18569C34B0F637917F /* [CP] Check Pods Manifest.lock */ = {
			isa = PBXShellScriptBuildPhase;
			buildActionMask = 2147483647;
			files = (
			);
			inputFileListPaths = (
			);
			inputPaths = (
				"${PODS_PODFILE_DIR_PATH}/Podfile.lock",
				"${PODS_ROOT}/Manifest.lock",
			);
			name = "[CP] Check Pods Manifest.lock";
			outputFileListPaths = (
			);
			outputPaths = (
				"$(DERIVED_FILE_DIR)/Pods-TestProject-checkManifestLockResult.txt",
			);
			runOnlyForDeploymentPostprocessing = 0;
			shellPath = /bin/sh;
			shellScript = "diff \"${PODS_PODFILE_DIR_PATH}/Podfile.lock\" \"${PODS_ROOT}/Manifest.lock\" > /dev/null\nif [ $? != 0 ] ; then\n    # print error to STDERR\n    echo \"error: The sandbox is not in sync with the Podfile.lock. Run 'pod install' or update your CocoaPods installation.\" >&2\n    exit 1\nfi\n# This output is used by Xcode 'outputs' to avoid re-running this script phase.\necho \"SUCCESS\" > \"${SCRIPT_OUTPUT_FILE_0}\"\n";
			showEnvVarsInLog = 0;
		};
		45686A7B0EA29D90682C317C /* [CP] Embed Pods Frameworks */ = {
			isa = PBXShellScriptBuildPhase;
			buildActionMask = 2147483647;
			files = (
			);
			inputFileListPaths = (
			);
			name = "[CP] Embed Pods Frameworks";
			outputFileListPaths = (
			);
			runOnlyForDeploymentPostprocessing = 0;
			shellPath = /bin/sh;
			shellScript = "\"${PODS_ROOT}/Target Support Files/Pods-TestProject/Pods-TestProject-frameworks.sh\"\n";
			showEnvVarsInLog = 0;
		};
/* End PBXShellScriptBuildPhase section */

/* Begin PBXSourcesBuildPhase section */
		AA9BDE6029C054F4007EFB89 /* Sources */ = {
			isa = PBXSourcesBuildPhase;
			buildActionMask = 2147483647;
			files = (
				AA9BDE6A29C054F4007EFB89 /* ContentView.swift in Sources */,
				AA9BDE6829C054F4007EFB89 /* TestProjectApp.swift in Sources */,
			);
			runOnlyForDeploymentPostprocessing = 0;
		};
/* End PBXSourcesBuildPhase section */

/* Begin XCBuildConfiguration section */
		AA9BDE7029C054F5007EFB89 /* Debug */ = {
			isa = XCBuildConfiguration;
			buildSettings = {
				ALWAYS_SEARCH_USER_PATHS = NO;
				CLANG_ANALYZER_NONNULL = YES;
				CLANG_ANALYZER_NUMBER_OBJECT_CONVERSION = YES_AGGRESSIVE;
				CLANG_CXX_LANGUAGE_STANDARD = "gnu++20";
				CLANG_ENABLE_MODULES = YES;
				CLANG_ENABLE_OBJC_ARC = YES;
				CLANG_ENABLE_OBJC_WEAK = YES;
				CLANG_WARN_BLOCK_CAPTURE_AUTORELEASING = YES;
				CLANG_WARN_BOOL_CONVERSION = YES;
				CLANG_WARN_COMMA = YES;
				CLANG_WARN_CONSTANT_CONVERSION = YES;
				CLANG_WARN_DEPRECATED_OBJC_IMPLEMENTATIONS = YES;
				CLANG_WARN_DIRECT_OBJC_ISA_USAGE = YES_ERROR;
				CLANG_WARN_DOCUMENTATION_COMMENTS = YES;
				CLANG_WARN_EMPTY_BODY = YES;
				CLANG_WARN_ENUM_CONVERSION = YES;
				CLANG_WARN_INFINITE_RECURSION = YES;
				CLANG_WARN_INT_CONVERSION = YES;
				CLANG_WARN_NON_LITERAL_NULL_CONVERSION = YES;
				CLANG_WARN_OBJC_IMPLICIT_RETAIN_SELF = YES;
				CLANG_WARN_OBJC_LITERAL_CONVERSION = YES;
				CLANG_WARN_OBJC_ROOT_CLASS = YES_ERROR;
				CLANG_WARN_QUOTED_INCLUDE_IN_FRAMEWORK_HEADER = YES;
				CLANG_WARN_RANGE_LOOP_ANALYSIS = YES;
				CLANG_WARN_STRICT_PROTOTYPES = YES;
				CLANG_WARN_SUSPICIOUS_MOVE = YES;
				CLANG_WARN_UNGUARDED_AVAILABILITY = YES_AGGRESSIVE;
				CLANG_WARN_UNREACHABLE_CODE = YES;
				CLANG_WARN__DUPLICATE_METHOD_MATCH = YES;
				COPY_PHASE_STRIP = NO;
				DEBUG_INFORMATION_FORMAT = dwarf;
				ENABLE_STRICT_OBJC_MSGSEND = YES;
				ENABLE_TESTABILITY = YES;
				GCC_C_LANGUAGE_STANDARD = gnu11;
				GCC_DYNAMIC_NO_PIC = NO;
				GCC_NO_COMMON_BLOCKS = YES;
				GCC_OPTIMIZATION_LEVEL = 0;
				GCC_PREPROCESSOR_DEFINITIONS = (
					"DEBUG=1",
					"$(inherited)",
				);
				GCC_WARN_64_TO_32_BIT_CONVERSION = YES;
				GCC_WARN_ABOUT_RETURN_TYPE = YES_ERROR;
				GCC_WARN_UNDECLARED_SELECTOR = YES;
				GCC_WARN_UNINITIALIZED_AUTOS = YES_AGGRESSIVE;
				GCC_WARN_UNUSED_FUNCTION = YES;
				GCC_WARN_UNUSED_VARIABLE = YES;
				IPHONEOS_DEPLOYMENT_TARGET = 16.0;
				MTL_ENABLE_DEBUG_INFO = INCLUDE_SOURCE;
				MTL_FAST_MATH = YES;
				ONLY_ACTIVE_ARCH = YES;
				SDKROOT = iphoneos;
				SWIFT_ACTIVE_COMPILATION_CONDITIONS = DEBUG;
				SWIFT_OPTIMIZATION_LEVEL = "-Onone";
			};
			name = Debug;
		};
		AA9BDE7129C054F5007EFB89 /* Release */ = {
			isa = XCBuildConfiguration;
			buildSettings = {
				ALWAYS_SEARCH_USER_PATHS = NO;
				CLANG_ANALYZER_NONNULL = YES;
				CLANG_ANALYZER_NUMBER_OBJECT_CONVERSION = YES_AGGRESSIVE;
				CLANG_CXX_LANGUAGE_STANDARD = "gnu++20";
				CLANG_ENABLE_MODULES = YES;
				CLANG_ENABLE_OBJC_ARC = YES;
				CLANG_ENABLE_OBJC_WEAK = YES;
				CLANG_WARN_BLOCK_CAPTURE_AUTORELEASING = YES;
				CLANG_WARN_BOOL_CONVERSION = YES;
				CLANG_WARN_COMMA = YES;
				CLANG_WARN_CONSTANT_CONVERSION = YES;
				CLANG_WARN_DEPRECATED_OBJC_IMPLEMENTATIONS = YES;
				CLANG_WARN_DIRECT_OBJC_ISA_USAGE = YES_ERROR;
				CLANG_WARN_DOCUMENTATION_COMMENTS = YES;
				CLANG_WARN_EMPTY_BODY = YES;
				CLANG_WARN_ENUM_CONVERSION = YES;
				CLANG_WARN_INFINITE_RECURSION = YES;
				CLANG_WARN_INT_CONVERSION = YES;
				CLANG_WARN_NON_LITERAL_NULL_CONVERSION = YES;
				CLANG_WARN_OBJC_IMPLICIT_RETAIN_SELF = YES;
				CLANG_WARN_OBJC_LITERAL_CONVERSION = YES;
				CLANG_WARN_OBJC_ROOT_CLASS = YES_ERROR;
				CLANG_WARN_QUOTED_INCLUDE_IN_FRAMEWORK_HEADER = YES;
				CLANG_WARN_RANGE_LOOP_ANALYSIS = YES;
				CLANG_WARN_STRICT_PROTOTYPES = YES;
				CLANG_WARN_SUSPICIOUS_MOVE = YES;
				CLANG_WARN_UNGUARDED_AVAILABILITY = YES_AGGRESSIVE;
				CLANG_WARN_UNREACHABLE_CODE = YES;
				CLANG_WARN__DUPLICATE_METHOD_MATCH = YES;
				COPY_PHASE_STRIP = NO;
				DEBUG_INFORMATION_FORMAT = "dwarf-with-dsym";
				ENABLE_NS_ASSERTIONS = NO;
				ENABLE_STRICT_OBJC_MSGSEND = YES;
				GCC_C_LANGUAGE_STANDARD = gnu11;
				GCC_NO_COMMON_BLOCKS = YES;
				GCC_WARN_64_TO_32_BIT_CONVERSION = YES;
				GCC_WARN_ABOUT_RETURN_TYPE = YES_ERROR;
				GCC_WARN_UNDECLARED_SELECTOR = YES;
				GCC_WARN_UNINITIALIZED_AUTOS = YES_AGGRESSIVE;
				GCC_WARN_UNUSED_FUNCTION = YES;
				GCC_WARN_UNUSED_VARIABLE = YES;
				IPHONEOS_DEPLOYMENT_TARGET = 16.0;
				MTL_ENABLE_DEBUG_INFO = NO;
				MTL_FAST_MATH = YES;
				SDKROOT = iphoneos;
				SWIFT_COMPILATION_MODE = wholemodule;
				SWIFT_OPTIMIZATION_LEVEL = "-O";
				VALIDATE_PRODUCT = YES;
			};
			name = Release;
		};
		AA9BDE7329C054F5007EFB89 /* Debug */ = {
			isa = XCBuildConfiguration;
			baseConfigurationReference = 0A2B01FDE431CAB77D7DCB36 /* Pods-TestProject.debug.xcconfig */;
			buildSettings = {
				ALWAYS_EMBED_SWIFT_STANDARD_LIBRARIES = YES;
				ASSETCATALOG_COMPILER_APPICON_NAME = AppIcon;
				ASSETCATALOG_COMPILER_GLOBAL_ACCENT_COLOR_NAME = AccentColor;
				CODE_SIGN_STYLE = Automatic;
				CURRENT_PROJECT_VERSION = 1;
				DEVELOPMENT_ASSET_PATHS = "\"TestProject/Preview Content\"";
				DEVELOPMENT_TEAM = AS88JDHZ77;
				ENABLE_PREVIEWS = YES;
				GENERATE_INFOPLIST_FILE = YES;
				INFOPLIST_FILE = TestProject/Info.plist;
				INFOPLIST_KEY_UIApplicationSceneManifest_Generation = YES;
				INFOPLIST_KEY_UIApplicationSupportsIndirectInputEvents = YES;
				INFOPLIST_KEY_UILaunchScreen_Generation = YES;
				INFOPLIST_KEY_UISupportedInterfaceOrientations_iPad = "UIInterfaceOrientationPortrait UIInterfaceOrientationPortraitUpsideDown UIInterfaceOrientationLandscapeLeft UIInterfaceOrientationLandscapeRight";
				INFOPLIST_KEY_UISupportedInterfaceOrientations_iPhone = "UIInterfaceOrientationPortrait UIInterfaceOrientationLandscapeLeft UIInterfaceOrientationLandscapeRight";
				LD_RUNPATH_SEARCH_PATHS = (
					"$(inherited)",
					"@executable_path/Frameworks",
				);
				MARKETING_VERSION = 1.0;
				PRODUCT_BUNDLE_IDENTIFIER = com.xing.TestProject3;
				PRODUCT_NAME = "$(TARGET_NAME)";
				SWIFT_EMIT_LOC_STRINGS = YES;
				SWIFT_VERSION = 5.0;
				TARGETED_DEVICE_FAMILY = "1,2";
			};
			name = Debug;
		};
		AA9BDE7429C054F5007EFB89 /* Release */ = {
			isa = XCBuildConfiguration;
			baseConfigurationReference = EC83892DA44D2D0610A558BF /* Pods-TestProject.release.xcconfig */;
			buildSettings = {
				ALWAYS_EMBED_SWIFT_STANDARD_LIBRARIES = YES;
				ASSETCATALOG_COMPILER_APPICON_NAME = AppIcon;
				ASSETCATALOG_COMPILER_GLOBAL_ACCENT_COLOR_NAME = AccentColor;
				CODE_SIGN_STYLE = Automatic;
				CURRENT_PROJECT_VERSION = 1;
				DEVELOPMENT_ASSET_PATHS = "\"TestProject/Preview Content\"";
				DEVELOPMENT_TEAM = AS88JDHZ77;
				ENABLE_PREVIEWS = YES;
				GENERATE_INFOPLIST_FILE = YES;
				INFOPLIST_FILE = TestProject/Info.plist;
				INFOPLIST_KEY_UIApplicationSceneManifest_Generation = YES;
				INFOPLIST_KEY_UIApplicationSupportsIndirectInputEvents = YES;
				INFOPLIST_KEY_UILaunchScreen_Generation = YES;
				INFOPLIST_KEY_UISupportedInterfaceOrientations_iPad = "UIInterfaceOrientationPortrait UIInterfaceOrientationPortraitUpsideDown UIInterfaceOrientationLandscapeLeft UIInterfaceOrientationLandscapeRight";
				INFOPLIST_KEY_UISupportedInterfaceOrientations_iPhone = "UIInterfaceOrientationPortrait UIInterfaceOrientationLandscapeLeft UIInterfaceOrientationLandscapeRight";
				LD_RUNPATH_SEARCH_PATHS = (
					"$(inherited)",
					"@executable_path/Frameworks",
				);
				MARKETING_VERSION = 1.0;
				PRODUCT_BUNDLE_IDENTIFIER = com.xing.TestProject3;
				PRODUCT_NAME = "$(TARGET_NAME)";
				SWIFT_EMIT_LOC_STRINGS = YES;
				SWIFT_VERSION = 5.0;
				TARGETED_DEVICE_FAMILY = "1,2";
			};
			name = Release;
		};
/* End XCBuildConfiguration section */

/* Begin XCConfigurationList section */
		AA9BDE5F29C054F3007EFB89 /* Build configuration list for PBXProject "TestProject" */ = {
			isa = XCConfigurationList;
			buildConfigurations = (
				AA9BDE7029C054F5007EFB89 /* Debug */,
				AA9BDE7129C054F5007EFB89 /* Release */,
			);
			defaultConfigurationIsVisible = 0;
			defaultConfigurationName = Release;
		};
		AA9BDE7229C054F5007EFB89 /* Build configuration list for PBXNativeTarget "TestProject" */ = {
			isa = XCConfigurationList;
			buildConfigurations = (
				AA9BDE7329C054F5007EFB89 /* Debug */,
				AA9BDE7429C054F5007EFB89 /* Release */,
			);
			defaultConfigurationIsVisible = 0;
			defaultConfigurationName = Release;
		};
/* End XCConfigurationList section */
	};
	rootObject = AA9BDE5C29C054F3007EFB89 /* Project object */;
}
